{
  "name": "Camp_Burnt_Gin_Project",
  "lockfileVersion": 3,
  "requires": true,
  "packages": {
    "": {
      "dependencies": {
        "@rive-app/react-canvas": "^4.27.3"
      }
    },
    "node_modules/@rive-app/canvas": {
      "version": "2.35.4",
      "resolved": "https://registry.npmjs.org/@rive-app/canvas/-/canvas-2.35.4.tgz",
      "integrity": "sha512-Blyi0jeBnRvgU9JQsFW3MZkmAdhKakSmqp6lZeOupFENjd8OGt4YrR1E0btH7soO9lae7m8N76MtnBwupNzxSw==",
      "license": "MIT"
    },
    "node_modules/@rive-app/react-canvas": {
      "version": "4.27.3",
      "resolved": "https://registry.npmjs.org/@rive-app/react-canvas/-/react-canvas-4.27.3.tgz",
      "integrity": "sha512-DpxtvuRAtXWmS6sM+thuatKrRy1fT79GpShPe6sXxzKRLI1ZhNEOk+VRqawCZxNfedTf5B03ZDoEFxtCeRYphg==",
      "license": "MIT",
      "dependencies": {
        "@rive-app/canvas": "2.35.4"
      },
      "peerDependencies": {
        "react": "^16.8.0 || ^17.0.0 || ^18.0.0 || ^19.0"
      }
    },
    "node_modules/react": {
      "version": "19.2.4",
      "resolved": "https://registry.npmjs.org/react/-/react-19.2.4.tgz",
      "integrity": "sha512-9nfp2hYpCwOjAN+8TZFGhtWEwgvWHXqESH8qT89AT/lWklpLON22Lc8pEtnpsZz7VmawabSU0gCjnj8aC0euHQ==",
      "license": "MIT",
      "peer": true,
      "engines": {
        "node": ">=0.10.0"
      }
    }
  }
}
